{
  "nodes": {
    "colmena": {
      "inputs": {
        "flake-compat": "flake-compat",
        "flake-utils": "flake-utils",
        "nixpkgs": "nixpkgs",
        "stable": "stable"
      },
      "locked": {
        "lastModified": 1699171528,
        "narHash": "sha256-ZsN6y+tgN5w84oAqRQpMhIvQM39ZNSZoZvn2AK0QYr4=",
        "owner": "zhaofengli",
        "repo": "colmena",
        "rev": "665603956a1c3040d756987bc7a810ffe86a3b15",
        "type": "github"
      },
      "original": {
        "owner": "zhaofengli",
        "repo": "colmena",
        "type": "github"
      }
    },
    "easy-ps": {
      "inputs": {
        "flake-utils": "flake-utils_4"
      },
      "locked": {
        "lastModified": 1696584097,
        "narHash": "sha256-a9Hhqf/Fi0FkjRTcQr3pYDhrO9A9tdOkaeVgD23Cdrk=",
        "owner": "justinwoo",
        "repo": "easy-purescript-nix",
        "rev": "d5fe5f4b210a0e4bac42ae0c159596a49c5eb016",
        "type": "github"
      },
      "original": {
        "owner": "justinwoo",
        "repo": "easy-purescript-nix",
        "type": "github"
      }
    },
    "easy-purescript-nix": {
      "inputs": {
        "flake-utils": "flake-utils_2"
      },
      "locked": {
        "lastModified": 1696584097,
        "narHash": "sha256-a9Hhqf/Fi0FkjRTcQr3pYDhrO9A9tdOkaeVgD23Cdrk=",
        "owner": "justinwoo",
        "repo": "easy-purescript-nix",
        "rev": "d5fe5f4b210a0e4bac42ae0c159596a49c5eb016",
        "type": "github"
      },
      "original": {
        "owner": "justinwoo",
        "repo": "easy-purescript-nix",
        "type": "github"
      }
    },
    "flake-compat": {
      "flake": false,
      "locked": {
        "lastModified": 1650374568,
        "narHash": "sha256-Z+s0J8/r907g149rllvwhb4pKi8Wam5ij0st8PwAh+E=",
        "owner": "edolstra",
        "repo": "flake-compat",
        "rev": "b4a34015c698c7793d592d66adbab377907a2be8",
        "type": "github"
      },
      "original": {
        "owner": "edolstra",
        "repo": "flake-compat",
        "type": "github"
      }
    },
    "flake-compat_2": {
      "flake": false,
      "locked": {
        "lastModified": 1673956053,
        "narHash": "sha256-4gtG9iQuiKITOjNQQeQIpoIB6b16fm+504Ch3sNKLd8=",
        "owner": "edolstra",
        "repo": "flake-compat",
        "rev": "35bb57c0c8d8b62bbfd284272c928ceb64ddbde9",
        "type": "github"
      },
      "original": {
        "owner": "edolstra",
        "repo": "flake-compat",
        "type": "github"
      }
    },
    "flake-compat_3": {
      "flake": false,
      "locked": {
        "lastModified": 1696426674,
        "narHash": "sha256-kvjfFW7WAETZlt09AgDn1MrtKzP7t90Vf7vypd3OL1U=",
        "owner": "edolstra",
        "repo": "flake-compat",
        "rev": "0f9255e01c2351cc7d116c072cb317785dd33b33",
        "type": "github"
      },
      "original": {
        "owner": "edolstra",
        "repo": "flake-compat",
        "type": "github"
      }
    },
    "flake-utils": {
      "locked": {
        "lastModified": 1659877975,
        "narHash": "sha256-zllb8aq3YO3h8B/U0/J1WBgAL8EX5yWf5pMj3G0NAmc=",
        "owner": "numtide",
        "repo": "flake-utils",
        "rev": "c0e246b9b83f637f4681389ecabcb2681b4f3af0",
        "type": "github"
      },
      "original": {
        "owner": "numtide",
        "repo": "flake-utils",
        "type": "github"
      }
    },
    "flake-utils_2": {
      "inputs": {
        "systems": "systems"
      },
      "locked": {
        "lastModified": 1685518550,
        "narHash": "sha256-o2d0KcvaXzTrPRIo0kOLV0/QXHhDQ5DTi+OxcjO8xqY=",
        "owner": "numtide",
        "repo": "flake-utils",
        "rev": "a1720a10a6cfe8234c0e93907ffe81be440f4cef",
        "type": "github"
      },
      "original": {
        "owner": "numtide",
        "repo": "flake-utils",
        "type": "github"
      }
    },
    "flake-utils_3": {
      "locked": {
        "lastModified": 1667395993,
        "narHash": "sha256-nuEHfE/LcWyuSWnS8t12N1wc105Qtau+/OdUAjtQ0rA=",
        "owner": "numtide",
        "repo": "flake-utils",
        "rev": "5aed5285a952e0b949eb3ba02c12fa4fcfef535f",
        "type": "github"
      },
      "original": {
        "owner": "numtide",
        "repo": "flake-utils",
        "type": "github"
      }
    },
    "flake-utils_4": {
      "inputs": {
        "systems": "systems_3"
      },
      "locked": {
        "lastModified": 1685518550,
        "narHash": "sha256-o2d0KcvaXzTrPRIo0kOLV0/QXHhDQ5DTi+OxcjO8xqY=",
        "owner": "numtide",
        "repo": "flake-utils",
        "rev": "a1720a10a6cfe8234c0e93907ffe81be440f4cef",
        "type": "github"
      },
      "original": {
        "owner": "numtide",
        "repo": "flake-utils",
        "type": "github"
      }
    },
    "gitignore": {
      "inputs": {
        "nixpkgs": [
          "personal-homepage",
          "nixpkgs"
        ]
      },
      "locked": {
        "lastModified": 1703887061,
        "narHash": "sha256-gGPa9qWNc6eCXT/+Z5/zMkyYOuRZqeFZBDbopNZQkuY=",
        "owner": "hercules-ci",
        "repo": "gitignore.nix",
        "rev": "43e1aa1308018f37118e34d3a9cb4f5e75dc11d5",
        "type": "github"
      },
      "original": {
        "owner": "hercules-ci",
        "repo": "gitignore.nix",
        "type": "github"
      }
    },
    "home-manager": {
      "inputs": {
        "nixpkgs": [
          "home-manager-base",
          "nixpkgs"
        ]
      },
      "locked": {
        "lastModified": 1705476964,
        "narHash": "sha256-W5OK1fnj4qdn1HWOlxV2S3YiUvfaVjQM5ldWVpGV1fs=",
        "owner": "nix-community",
        "repo": "home-manager",
        "rev": "85c3b600f660abd86e94cbcd1c46733943197a07",
        "type": "github"
      },
      "original": {
        "owner": "nix-community",
        "ref": "release-23.11",
        "repo": "home-manager",
        "type": "github"
      }
    },
    "home-manager-base": {
      "inputs": {
        "easy-purescript-nix": "easy-purescript-nix",
        "home-manager": "home-manager",
        "nixpkgs": "nixpkgs_2",
        "power-theme": "power-theme",
        "previous": "previous",
        "ptitfred-haddocset": "ptitfred-haddocset",
        "ptitfred-posix-toolbox": "ptitfred-posix-toolbox",
        "spago2nix": "spago2nix"
      },
      "locked": {
        "lastModified": 1705765430,
        "narHash": "sha256-uMfp6YFh9Ul168F0V5BBmT7wHgn8Y8ftZem0hH+X6bw=",
        "owner": "ptitfred",
        "repo": "home-manager",
        "rev": "0f1e877a45a77d573d31df6ddf522cbb101661ee",
        "type": "github"
      },
      "original": {
        "owner": "ptitfred",
        "repo": "home-manager",
        "type": "github"
      }
    },
    "nix-serve-ng": {
      "inputs": {
        "flake-compat": "flake-compat_2",
        "nixpkgs": "nixpkgs_4",
        "utils": "utils"
      },
      "locked": {
        "lastModified": 1702912615,
        "narHash": "sha256-qseX+/8drgwxOb1I3LKqBYMkmyeI5d5gmHqbZccR660=",
        "owner": "aristanetworks",
        "repo": "nix-serve-ng",
        "rev": "21e65cb4c62b5c9e3acc11c3c5e8197248fa46a4",
        "type": "github"
      },
      "original": {
        "owner": "aristanetworks",
        "repo": "nix-serve-ng",
        "type": "github"
      }
    },
    "nixos-22_11": {
      "locked": {
        "lastModified": 1688392541,
        "narHash": "sha256-lHrKvEkCPTUO+7tPfjIcb7Trk6k31rz18vkyqmkeJfY=",
        "owner": "nixos",
        "repo": "nixpkgs",
        "rev": "ea4c80b39be4c09702b0cb3b42eab59e2ba4f24b",
        "type": "github"
      },
      "original": {
        "owner": "nixos",
        "ref": "nixos-22.11",
        "repo": "nixpkgs",
        "type": "github"
      }
    },
    "nixos-22_11_2": {
      "locked": {
        "lastModified": 1688392541,
        "narHash": "sha256-lHrKvEkCPTUO+7tPfjIcb7Trk6k31rz18vkyqmkeJfY=",
        "owner": "nixos",
        "repo": "nixpkgs",
        "rev": "ea4c80b39be4c09702b0cb3b42eab59e2ba4f24b",
        "type": "github"
      },
      "original": {
        "owner": "nixos",
        "ref": "nixos-22.11",
        "repo": "nixpkgs",
        "type": "github"
      }
    },
    "nixos-hardware": {
      "locked": {
        "lastModified": 1705312285,
        "narHash": "sha256-rd+dY+v61Y8w3u9bukO/hB55Xl4wXv4/yC8rCGVnK5U=",
        "owner": "nixos",
        "repo": "nixos-hardware",
        "rev": "bee2202bec57e521e3bd8acd526884b9767d7fa0",
        "type": "github"
      },
      "original": {
        "owner": "nixos",
        "repo": "nixos-hardware",
        "type": "github"
      }
    },
    "nixpkgs": {
      "locked": {
        "lastModified": 1696019113,
        "narHash": "sha256-X3+DKYWJm93DRSdC5M6K5hLqzSya9BjibtBsuARoPco=",
        "owner": "NixOS",
        "repo": "nixpkgs",
        "rev": "f5892ddac112a1e9b3612c39af1b72987ee5783a",
        "type": "github"
      },
      "original": {
        "owner": "NixOS",
        "ref": "nixos-unstable",
        "repo": "nixpkgs",
        "type": "github"
      }
    },
    "nixpkgs_2": {
      "locked": {
        "lastModified": 1705331948,
        "narHash": "sha256-qjQXfvrAT1/RKDFAMdl8Hw3m4tLVvMCc8fMqzJv0pP4=",
        "owner": "nixos",
        "repo": "nixpkgs",
        "rev": "b8dd8be3c790215716e7c12b247f45ca525867e2",
        "type": "github"
      },
      "original": {
        "owner": "nixos",
        "ref": "nixos-23.11",
        "repo": "nixpkgs",
        "type": "github"
      }
    },
    "nixpkgs_3": {
      "locked": {
        "lastModified": 1703467016,
        "narHash": "sha256-/5A/dNPhbQx/Oa2d+Get174eNI3LERQ7u6WTWOlR1eQ=",
        "owner": "nixos",
        "repo": "nixpkgs",
        "rev": "d02d818f22c777aa4e854efc3242ec451e5d462a",
        "type": "github"
      },
      "original": {
        "owner": "nixos",
        "ref": "nixos-23.11",
        "repo": "nixpkgs",
        "type": "github"
      }
    },
    "nixpkgs_4": {
      "locked": {
        "lastModified": 1700856099,
        "narHash": "sha256-RnEA7iJ36Ay9jI0WwP+/y4zjEhmeN6Cjs9VOFBH7eVQ=",
        "owner": "NixOS",
        "repo": "nixpkgs",
        "rev": "0bd59c54ef06bc34eca01e37d689f5e46b3fe2f1",
        "type": "github"
      },
      "original": {
        "owner": "NixOS",
        "ref": "nixpkgs-unstable",
        "repo": "nixpkgs",
        "type": "github"
      }
    },
    "nixpkgs_5": {
      "locked": {
        "lastModified": 1705641746,
        "narHash": "sha256-D6c2aH8HQbWc7ZWSV0BUpFpd94ImFyCP8jFIsKQ4Slg=",
        "owner": "nixos",
        "repo": "nixpkgs",
        "rev": "d2003f2223cbb8cd95134e4a0541beea215c1073",
        "type": "github"
      },
      "original": {
        "owner": "nixos",
        "ref": "nixos-23.11",
        "repo": "nixpkgs",
        "type": "github"
      }
    },
    "nixpkgs_6": {
      "locked": {
        "lastModified": 1705641746,
        "narHash": "sha256-D6c2aH8HQbWc7ZWSV0BUpFpd94ImFyCP8jFIsKQ4Slg=",
        "owner": "nixos",
        "repo": "nixpkgs",
        "rev": "d2003f2223cbb8cd95134e4a0541beea215c1073",
        "type": "github"
      },
      "original": {
        "owner": "nixos",
        "ref": "nixos-23.11",
        "repo": "nixpkgs",
        "type": "github"
      }
    },
    "nixpkgs_7": {
      "locked": {
        "lastModified": 1703467016,
        "narHash": "sha256-/5A/dNPhbQx/Oa2d+Get174eNI3LERQ7u6WTWOlR1eQ=",
        "owner": "nixos",
        "repo": "nixpkgs",
        "rev": "d02d818f22c777aa4e854efc3242ec451e5d462a",
        "type": "github"
      },
      "original": {
        "owner": "nixos",
        "ref": "nixos-23.11",
        "repo": "nixpkgs",
        "type": "github"
      }
    },
    "personal-homepage": {
      "inputs": {
        "easy-ps": "easy-ps",
        "flake-compat": "flake-compat_3",
        "gitignore": "gitignore",
        "nixpkgs": "nixpkgs_6",
        "posix-toolbox": "posix-toolbox",
        "previous": "previous_2"
      },
      "locked": {
        "lastModified": 1705839547,
        "narHash": "sha256-pMPvHXTuDLwqPhUQJHlnUTQzbZLoZsNmt4MkCJibnMU=",
        "owner": "ptitfred",
        "repo": "personal-homepage",
        "rev": "ef1b88ba3b3823a16ba66a4896aa0d39c71bd7b1",
        "type": "github"
      },
      "original": {
        "owner": "ptitfred",
        "repo": "personal-homepage",
        "type": "github"
      }
    },
    "posix-toolbox": {
      "inputs": {
        "nixos-22_11": "nixos-22_11_2",
        "nixpkgs": "nixpkgs_7",
        "trapd00r-ls-colors": "trapd00r-ls-colors_2"
      },
      "locked": {
        "lastModified": 1704027259,
        "narHash": "sha256-4jUNSWHLG6EFDA++iYlQ2nhYW8/WaPMTzW3mXFoZH50=",
        "owner": "ptitfred",
        "repo": "posix-toolbox",
        "rev": "1b4f21f7bb92c796923fe122814dad8aa6632714",
        "type": "github"
      },
      "original": {
        "owner": "ptitfred",
        "repo": "posix-toolbox",
        "type": "github"
      }
    },
    "power-theme": {
      "flake": false,
      "locked": {
        "lastModified": 1699434176,
        "narHash": "sha256-HOUnLm2GSvJkCxK9ofM5p2I9xpF6Se44/8a/bkwrnmw=",
        "owner": "wfxr",
        "repo": "tmux-power",
        "rev": "1d73c304573b3ae369567d2ef635f0e1c3de7ecc",
        "type": "github"
      },
      "original": {
        "owner": "wfxr",
        "repo": "tmux-power",
        "type": "github"
      }
    },
    "previous": {
      "locked": {
        "lastModified": 1688392541,
        "narHash": "sha256-lHrKvEkCPTUO+7tPfjIcb7Trk6k31rz18vkyqmkeJfY=",
        "owner": "nixos",
        "repo": "nixpkgs",
        "rev": "ea4c80b39be4c09702b0cb3b42eab59e2ba4f24b",
        "type": "github"
      },
      "original": {
        "owner": "nixos",
        "ref": "nixos-22.11",
        "repo": "nixpkgs",
        "type": "github"
      }
    },
    "previous_2": {
      "locked": {
        "lastModified": 1688392541,
        "narHash": "sha256-lHrKvEkCPTUO+7tPfjIcb7Trk6k31rz18vkyqmkeJfY=",
        "owner": "nixos",
        "repo": "nixpkgs",
        "rev": "ea4c80b39be4c09702b0cb3b42eab59e2ba4f24b",
        "type": "github"
      },
      "original": {
        "owner": "nixos",
        "ref": "nixos-22.11",
        "repo": "nixpkgs",
        "type": "github"
      }
    },
    "previous_3": {
      "locked": {
        "lastModified": 1688392541,
        "narHash": "sha256-lHrKvEkCPTUO+7tPfjIcb7Trk6k31rz18vkyqmkeJfY=",
        "owner": "nixos",
        "repo": "nixpkgs",
        "rev": "ea4c80b39be4c09702b0cb3b42eab59e2ba4f24b",
        "type": "github"
      },
      "original": {
        "owner": "nixos",
        "ref": "nixos-22.11",
        "repo": "nixpkgs",
        "type": "github"
      }
    },
    "ptitfred-haddocset": {
      "flake": false,
      "locked": {
        "lastModified": 1531890975,
        "narHash": "sha256-AI2dVR33qnaTZ7LRH8R7qxugJZgZG2/U6uY1si0542A=",
        "owner": "ptitfred",
        "repo": "haddocset",
        "rev": "0e89ffea4f0c375a1eed2493e2a08c3d3953f8b1",
        "type": "github"
      },
      "original": {
        "owner": "ptitfred",
        "repo": "haddocset",
        "type": "github"
      }
    },
    "ptitfred-posix-toolbox": {
      "inputs": {
        "nixos-22_11": "nixos-22_11",
        "nixpkgs": "nixpkgs_3",
        "trapd00r-ls-colors": "trapd00r-ls-colors"
      },
      "locked": {
        "lastModified": 1704027259,
        "narHash": "sha256-4jUNSWHLG6EFDA++iYlQ2nhYW8/WaPMTzW3mXFoZH50=",
        "owner": "ptitfred",
        "repo": "posix-toolbox",
        "rev": "1b4f21f7bb92c796923fe122814dad8aa6632714",
        "type": "github"
      },
      "original": {
        "owner": "ptitfred",
        "repo": "posix-toolbox",
        "type": "github"
      }
    },
    "root": {
      "inputs": {
        "colmena": "colmena",
        "home-manager-base": "home-manager-base",
        "nix-serve-ng": "nix-serve-ng",
        "nixos-hardware": "nixos-hardware",
        "nixpkgs": "nixpkgs_5",
        "personal-homepage": "personal-homepage",
        "previous": "previous_3",
        "scram-sha-256": "scram-sha-256"
      }
    },
    "scram-sha-256": {
      "flake": false,
      "locked": {
        "lastModified": 1695003585,
        "narHash": "sha256-gl1nNAxhLRQj2PqMeucqxEBW4IWZ+3Lgy0S+6XaCrgM=",
        "owner": "supercaracal",
        "repo": "scram-sha-256",
        "rev": "1d192031130bbafef3e4d8fcd7bd66809bb0abf7",
        "type": "github"
      },
      "original": {
        "owner": "supercaracal",
        "repo": "scram-sha-256",
        "type": "github"
      }
    },
    "spago2nix": {
      "inputs": {
        "easy-purescript-nix": [
          "home-manager-base",
          "easy-purescript-nix"
        ],
        "flake-utils": "flake-utils_3",
        "nixpkgs": [
          "home-manager-base",
          "previous"
        ]
      },
      "locked": {
        "lastModified": 1696845391,
        "narHash": "sha256-l/uUg0mxh9HVCPcciMlFt2xk6Ue/qOP9TSgLp9g4EPk=",
        "owner": "justinwoo",
        "repo": "spago2nix",
        "rev": "f8712693764f318d61123e1c9eac6b37ef4ca270",
        "type": "github"
      },
      "original": {
        "owner": "justinwoo",
        "repo": "spago2nix",
        "type": "github"
      }
    },
    "stable": {
      "locked": {
        "lastModified": 1696039360,
        "narHash": "sha256-g7nIUV4uq1TOVeVIDEZLb005suTWCUjSY0zYOlSBsyE=",
        "owner": "NixOS",
        "repo": "nixpkgs",
        "rev": "32dcb45f66c0487e92db8303a798ebc548cadedc",
        "type": "github"
      },
      "original": {
        "owner": "NixOS",
        "ref": "nixos-23.05",
        "repo": "nixpkgs",
        "type": "github"
      }
    },
    "systems": {
      "locked": {
        "lastModified": 1681028828,
        "narHash": "sha256-Vy1rq5AaRuLzOxct8nz4T6wlgyUR7zLU309k9mBC768=",
        "owner": "nix-systems",
        "repo": "default",
        "rev": "da67096a3b9bf56a91d16901293e51ba5b49a27e",
        "type": "github"
      },
      "original": {
        "owner": "nix-systems",
        "repo": "default",
        "type": "github"
      }
    },
    "systems_2": {
      "locked": {
        "lastModified": 1681028828,
        "narHash": "sha256-Vy1rq5AaRuLzOxct8nz4T6wlgyUR7zLU309k9mBC768=",
        "owner": "nix-systems",
        "repo": "default",
        "rev": "da67096a3b9bf56a91d16901293e51ba5b49a27e",
        "type": "github"
      },
      "original": {
        "owner": "nix-systems",
        "repo": "default",
        "type": "github"
      }
    },
    "systems_3": {
      "locked": {
        "lastModified": 1681028828,
        "narHash": "sha256-Vy1rq5AaRuLzOxct8nz4T6wlgyUR7zLU309k9mBC768=",
        "owner": "nix-systems",
        "repo": "default",
        "rev": "da67096a3b9bf56a91d16901293e51ba5b49a27e",
        "type": "github"
      },
      "original": {
        "owner": "nix-systems",
        "repo": "default",
        "type": "github"
      }
    },
    "trapd00r-ls-colors": {
      "flake": false,
      "locked": {
        "lastModified": 1609339936,
        "narHash": "sha256-6DnZgWXlQ1+focJGvhlVvgo97owDCj5w2zydF2ZiV8Q=",
        "owner": "trapd00r",
        "repo": "LS_COLORS",
        "rev": "e91cc9cc69f6c4780f03b121bc633569742de7cd",
        "type": "github"
      },
      "original": {
        "owner": "trapd00r",
        "repo": "LS_COLORS",
        "rev": "e91cc9cc69f6c4780f03b121bc633569742de7cd",
        "type": "github"
      }
    },
    "trapd00r-ls-colors_2": {
      "flake": false,
      "locked": {
        "lastModified": 1609339936,
        "narHash": "sha256-6DnZgWXlQ1+focJGvhlVvgo97owDCj5w2zydF2ZiV8Q=",
        "owner": "trapd00r",
        "repo": "LS_COLORS",
        "rev": "e91cc9cc69f6c4780f03b121bc633569742de7cd",
        "type": "github"
      },
      "original": {
        "owner": "trapd00r",
        "repo": "LS_COLORS",
        "rev": "e91cc9cc69f6c4780f03b121bc633569742de7cd",
        "type": "github"
      }
    },
    "utils": {
      "inputs": {
        "systems": "systems_2"
      },
      "locked": {
        "lastModified": 1687709756,
        "narHash": "sha256-Y5wKlQSkgEK2weWdOu4J3riRd+kV/VCgHsqLNTTWQ/0=",
        "owner": "numtide",
        "repo": "flake-utils",
        "rev": "dbabf0ca0c0c4bce6ea5eaf65af5cb694d2082c7",
        "type": "github"
      },
      "original": {
        "owner": "numtide",
        "repo": "flake-utils",
        "type": "github"
      }
    }
  },
  "root": "root",
  "version": 7
}
